
Microsoft Visual Studio Solution File, Format Version 12.00
# Visual Studio Version 17
VisualStudioVersion = 17.8.34408.163
MinimumVisualStudioVersion = 10.0.40219.1
Project("{9A19103F-16F7-4668-BE54-9A1E7A4F7556}") = "ArtShop.Web", "ArtShop.Web.csproj", "{22DA9670-6E77-48EB-AE3A-9C766EAC982F}"
EndProject
Project("{9A19103F-16F7-4668-BE54-9A1E7A4F7556}") = "ArtShop.Data", "..\ArtShop.Data\ArtShop.Data.csproj", "{3EFF0B70-8602-40A8-B8E4-D635E1EF9FE5}"
EndProject
Project("{9A19103F-16F7-4668-BE54-9A1E7A4F7556}") = "ArtShop.Services", "..\ArtShop.Services\ArtShop.Services.csproj", "{4C075E4E-52C0-4029-98A8-2916A8DDB478}"
EndProject
Project("{2150E333-8FDC-42A3-9474-1A3956D46DE8}") = "Data", "Data", "{21332601-A901-40F1-95C8-DDBD2F20D8B0}"
EndProject
Project("{2150E333-8FDC-42A3-9474-1A3956D46DE8}") = "Services", "Services", "{194128B4-C45B-4991-BD5F-A2201FF1A191}"
EndProject
Project("{2150E333-8FDC-42A3-9474-1A3956D46DE8}") = "Web", "Web", "{75048DB3-CB0F-498D-9925-DC796589290C}"
EndProject
Project("{FAE04EC0-301F-11D3-BF4B-00C04F79EFBC}") = "ArtShop.Data.Models", "..\ArtShop.Data.Models\ArtShop.Data.Models.csproj", "{FB7E70F3-1D0C-4552-B762-9BB962B85596}"
EndProject
Project("{FAE04EC0-301F-11D3-BF4B-00C04F79EFBC}") = "ArtShop.Data.Common", "..\ArtShop.Data.Common\ArtShop.Data.Common.csproj", "{192FE57B-20A3-4C31-8B87-B66DE616DF05}"
EndProject
Project("{FAE04EC0-301F-11D3-BF4B-00C04F79EFBC}") = "ArtShop.Web.ViewModels", "..\ArtShop.Web.ViewModels\ArtShop.Web.ViewModels.csproj", "{514DD2F2-9B4D-4962-A099-E79AFA49F592}"
EndProject
Global
	GlobalSection(SolutionConfigurationPlatforms) = preSolution
		Debug|Any CPU = Debug|Any CPU
		Release|Any CPU = Release|Any CPU
	EndGlobalSection
	GlobalSection(ProjectConfigurationPlatforms) = postSolution
		{22DA9670-6E77-48EB-AE3A-9C766EAC982F}.Debug|Any CPU.ActiveCfg = Debug|Any CPU
		{22DA9670-6E77-48EB-AE3A-9C766EAC982F}.Debug|Any CPU.Build.0 = Debug|Any CPU
		{22DA9670-6E77-48EB-AE3A-9C766EAC982F}.Release|Any CPU.ActiveCfg = Release|Any CPU
		{22DA9670-6E77-48EB-AE3A-9C766EAC982F}.Release|Any CPU.Build.0 = Release|Any CPU
		{3EFF0B70-8602-40A8-B8E4-D635E1EF9FE5}.Debug|Any CPU.ActiveCfg = Debug|Any CPU
		{3EFF0B70-8602-40A8-B8E4-D635E1EF9FE5}.Debug|Any CPU.Build.0 = Debug|Any CPU
		{3EFF0B70-8602-40A8-B8E4-D635E1EF9FE5}.Release|Any CPU.ActiveCfg = Release|Any CPU
		{3EFF0B70-8602-40A8-B8E4-D635E1EF9FE5}.Release|Any CPU.Build.0 = Release|Any CPU
		{4C075E4E-52C0-4029-98A8-2916A8DDB478}.Debug|Any CPU.ActiveCfg = Debug|Any CPU
		{4C075E4E-52C0-4029-98A8-2916A8DDB478}.Debug|Any CPU.Build.0 = Debug|Any CPU
		{4C075E4E-52C0-4029-98A8-2916A8DDB478}.Release|Any CPU.ActiveCfg = Release|Any CPU
		{4C075E4E-52C0-4029-98A8-2916A8DDB478}.Release|Any CPU.Build.0 = Release|Any CPU
		{FB7E70F3-1D0C-4552-B762-9BB962B85596}.Debug|Any CPU.ActiveCfg = Debug|Any CPU
		{FB7E70F3-1D0C-4552-B762-9BB962B85596}.Debug|Any CPU.Build.0 = Debug|Any CPU
		{FB7E70F3-1D0C-4552-B762-9BB962B85596}.Release|Any CPU.ActiveCfg = Release|Any CPU
		{FB7E70F3-1D0C-4552-B762-9BB962B85596}.Release|Any CPU.Build.0 = Release|Any CPU
		{192FE57B-20A3-4C31-8B87-B66DE616DF05}.Debug|Any CPU.ActiveCfg = Debug|Any CPU
		{192FE57B-20A3-4C31-8B87-B66DE616DF05}.Debug|Any CPU.Build.0 = Debug|Any CPU
		{192FE57B-20A3-4C31-8B87-B66DE616DF05}.Release|Any CPU.ActiveCfg = Release|Any CPU
		{192FE57B-20A3-4C31-8B87-B66DE616DF05}.Release|Any CPU.Build.0 = Release|Any CPU
		{514DD2F2-9B4D-4962-A099-E79AFA49F592}.Debug|Any CPU.ActiveCfg = Debug|Any CPU
		{514DD2F2-9B4D-4962-A099-E79AFA49F592}.Debug|Any CPU.Build.0 = Debug|Any CPU
		{514DD2F2-9B4D-4962-A099-E79AFA49F592}.Release|Any CPU.ActiveCfg = Release|Any CPU
		{514DD2F2-9B4D-4962-A099-E79AFA49F592}.Release|Any CPU.Build.0 = Release|Any CPU
	EndGlobalSection
	GlobalSection(SolutionProperties) = preSolution
		HideSolutionNode = FALSE
	EndGlobalSection
	GlobalSection(NestedProjects) = preSolution
		{22DA9670-6E77-48EB-AE3A-9C766EAC982F} = {75048DB3-CB0F-498D-9925-DC796589290C}
		{3EFF0B70-8602-40A8-B8E4-D635E1EF9FE5} = {21332601-A901-40F1-95C8-DDBD2F20D8B0}
		{4C075E4E-52C0-4029-98A8-2916A8DDB478} = {194128B4-C45B-4991-BD5F-A2201FF1A191}
		{FB7E70F3-1D0C-4552-B762-9BB962B85596} = {21332601-A901-40F1-95C8-DDBD2F20D8B0}
		{192FE57B-20A3-4C31-8B87-B66DE616DF05} = {21332601-A901-40F1-95C8-DDBD2F20D8B0}
		{514DD2F2-9B4D-4962-A099-E79AFA49F592} = {75048DB3-CB0F-498D-9925-DC796589290C}
	EndGlobalSection
	GlobalSection(ExtensibilityGlobals) = postSolution
		SolutionGuid = {5099F83D-3B37-4F5D-A285-39959C3EDD94}
	EndGlobalSection
EndGlobal
